
Microsoft Visual Studio Solution File, Format Version 12.00
# Visual Studio 15
VisualStudioVersion = 15.0.28307.329
MinimumVisualStudioVersion = 10.0.40219.1
Project("{8BC9CEB8-8B4A-11D0-8D11-00A0C91BC942}") = "TogetherPE", "TogetherPE\TogetherPE.vcxproj", "{B12702AD-ABFB-343A-A199-8E24837244A3}"
EndProject
Project("{8BC9CEB8-8B4A-11D0-8D11-00A0C91BC942}") = "Python Embedding", "Python Embedding\Python Embedding.vcxproj", "{002F2D8E-E0ED-4F8E-B8BE-20BF5779D463}"
EndProject
Global
	GlobalSection(SolutionConfigurationPlatforms) = preSolution
		Debug|x64 = Debug|x64
		Debug|x86 = Debug|x86
		Release|x64 = Release|x64
		Release|x86 = Release|x86
	EndGlobalSection
	GlobalSection(ProjectConfigurationPlatforms) = postSolution
		{B12702AD-ABFB-343A-A199-8E24837244A3}.Debug|x64.ActiveCfg = Debug|Win32
		{B12702AD-ABFB-343A-A199-8E24837244A3}.Debug|x86.ActiveCfg = Debug|Win32
		{B12702AD-ABFB-343A-A199-8E24837244A3}.Debug|x86.Build.0 = Debug|Win32
		{B12702AD-ABFB-343A-A199-8E24837244A3}.Release|x64.ActiveCfg = Release|Win32
		{B12702AD-ABFB-343A-A199-8E24837244A3}.Release|x86.ActiveCfg = Release|Win32
		{B12702AD-ABFB-343A-A199-8E24837244A3}.Release|x86.Build.0 = Release|Win32
		{002F2D8E-E0ED-4F8E-B8BE-20BF5779D463}.Debug|x64.ActiveCfg = Debug|x64
		{002F2D8E-E0ED-4F8E-B8BE-20BF5779D463}.Debug|x64.Build.0 = Debug|x64
		{002F2D8E-E0ED-4F8E-B8BE-20BF5779D463}.Debug|x86.ActiveCfg = Debug|Win32
		{002F2D8E-E0ED-4F8E-B8BE-20BF5779D463}.Debug|x86.Build.0 = Debug|Win32
		{002F2D8E-E0ED-4F8E-B8BE-20BF5779D463}.Release|x64.ActiveCfg = Release|x64
		{002F2D8E-E0ED-4F8E-B8BE-20BF5779D463}.Release|x64.Build.0 = Release|x64
		{002F2D8E-E0ED-4F8E-B8BE-20BF5779D463}.Release|x86.ActiveCfg = Release|Win32
		{002F2D8E-E0ED-4F8E-B8BE-20BF5779D463}.Release|x86.Build.0 = Release|Win32
	EndGlobalSection
	GlobalSection(SolutionProperties) = preSolution
		HideSolutionNode = FALSE
	EndGlobalSection
	GlobalSection(ExtensibilityGlobals) = postSolution
		SolutionGuid = {03748F96-9356-458F-AACE-71B86F604E43}
	EndGlobalSection
EndGlobal
